// !$*UTF8*$!
{
	archiveVersion = 1;
	classes = {
	};
	objectVersion = 51;
	objects = {

/* Begin PBXBuildFile section */
		AB1245C62488F1DC003C9D43 /* ELKEasyTimeViewController.m in Sources */ = {isa = PBXBuildFile; fileRef = AB1245C52488F1DC003C9D43 /* ELKEasyTimeViewController.m */; };
		AB23E82C2466400F00AB47C8 /* UIImage+ELKAdditions.m in Sources */ = {isa = PBXBuildFile; fileRef = AB23E82B2466400F00AB47C8 /* UIImage+ELKAdditions.m */; };
		AB23E83024664CF300AB47C8 /* UIButton+ELKMantleLite.m in Sources */ = {isa = PBXBuildFile; fileRef = AB23E82F24664CF300AB47C8 /* UIButton+ELKMantleLite.m */; };
		AB6CB5D924738B0F009302A8 /* UIView+ELKPlaceHolderView.m in Sources */ = {isa = PBXBuildFile; fileRef = AB6CB5D724738B0F009302A8 /* UIView+ELKPlaceHolderView.m */; };
		AB754F6B2463B0110024D8E5 /* ELKContactManager.m in Sources */ = {isa = PBXBuildFile; fileRef = AB754F692463B0110024D8E5 /* ELKContactManager.m */; };
		AB7E2E362462C92700B81A64 /* NSData+AES256.m in Sources */ = {isa = PBXBuildFile; fileRef = AB7E2E262462C92700B81A64 /* NSData+AES256.m */; };
		AB7E2E372462C92700B81A64 /* NSString+SHA1.m in Sources */ = {isa = PBXBuildFile; fileRef = AB7E2E272462C92700B81A64 /* NSString+SHA1.m */; };
		AB7E2E382462C92700B81A64 /* Encryption.m in Sources */ = {isa = PBXBuildFile; fileRef = AB7E2E2C2462C92700B81A64 /* Encryption.m */; };
		AB7E2E392462C92700B81A64 /* NSString+MD5.m in Sources */ = {isa = PBXBuildFile; fileRef = AB7E2E2D2462C92700B81A64 /* NSString+MD5.m */; };
		AB7E2E3C2462C92700B81A64 /* ELKNetStatusMaster.m in Sources */ = {isa = PBXBuildFile; fileRef = AB7E2E352462C92700B81A64 /* ELKNetStatusMaster.m */; };
		ABAD2DCE2464F8D30006D288 /* ELKEasyTimer.m in Sources */ = {isa = PBXBuildFile; fileRef = ABAD2DCD2464F8D30006D288 /* ELKEasyTimer.m */; };
		ABAD2E10246534370006D288 /* UIImage+ELKHippoResource.m in Sources */ = {isa = PBXBuildFile; fileRef = ABAD2E0F246534370006D288 /* UIImage+ELKHippoResource.m */; };
		ABAD2E5E24654E5E0006D288 /* UITextField+ELKPlaceHolder.m in Sources */ = {isa = PBXBuildFile; fileRef = ABAD2E4124654E5D0006D288 /* UITextField+ELKPlaceHolder.m */; };
		ABAD2E5F24654E5E0006D288 /* UITextView+ELKPlaceHolder.m in Sources */ = {isa = PBXBuildFile; fileRef = ABAD2E4224654E5D0006D288 /* UITextView+ELKPlaceHolder.m */; };
		ABAD2E6024654E5E0006D288 /* UIView+ELKAdditions.m in Sources */ = {isa = PBXBuildFile; fileRef = ABAD2E4624654E5D0006D288 /* UIView+ELKAdditions.m */; };
		ABAD2E6124654E5E0006D288 /* NSData+ELKMantleBase64.m in Sources */ = {isa = PBXBuildFile; fileRef = ABAD2E4924654E5D0006D288 /* NSData+ELKMantleBase64.m */; };
		ABAD2E6224654E5E0006D288 /* NSString+ELKTimeFormet.m in Sources */ = {isa = PBXBuildFile; fileRef = ABAD2E4D24654E5D0006D288 /* NSString+ELKTimeFormet.m */; };
		ABAD2E6324654E5E0006D288 /* NSString+ELKRuby.m in Sources */ = {isa = PBXBuildFile; fileRef = ABAD2E4E24654E5D0006D288 /* NSString+ELKRuby.m */; };
		ABAD2E6424654E5E0006D288 /* NSString+ELKAdditions.m in Sources */ = {isa = PBXBuildFile; fileRef = ABAD2E5024654E5E0006D288 /* NSString+ELKAdditions.m */; };
		ABAD2E6524654E5E0006D288 /* NSString+ELKFast.m in Sources */ = {isa = PBXBuildFile; fileRef = ABAD2E5324654E5E0006D288 /* NSString+ELKFast.m */; };
		ABAD2E6624654E5E0006D288 /* UIViewController+ELKImagePicker.m in Sources */ = {isa = PBXBuildFile; fileRef = ABAD2E5724654E5E0006D288 /* UIViewController+ELKImagePicker.m */; };
		ABAD2E6724654E5E0006D288 /* UIViewController+ELKAlertController.m in Sources */ = {isa = PBXBuildFile; fileRef = ABAD2E5824654E5E0006D288 /* UIViewController+ELKAlertController.m */; };
		ABAD2E6D246551A60006D288 /* NSDate+ELKMantleFormat.m in Sources */ = {isa = PBXBuildFile; fileRef = ABAD2E6C246551A60006D288 /* NSDate+ELKMantleFormat.m */; };
		ABAD2E7424655D970006D288 /* ELKMantleReachability.m in Sources */ = {isa = PBXBuildFile; fileRef = ABAD2E7024655D970006D288 /* ELKMantleReachability.m */; };
		ABAD2E7524655D970006D288 /* ELKMantleSwizzling.m in Sources */ = {isa = PBXBuildFile; fileRef = ABAD2E7324655D970006D288 /* ELKMantleSwizzling.m */; };
		ABE987E624626D63006071ED /* AppDelegate.m in Sources */ = {isa = PBXBuildFile; fileRef = ABE987E524626D63006071ED /* AppDelegate.m */; };
		ABE987EC24626D63006071ED /* ViewController.m in Sources */ = {isa = PBXBuildFile; fileRef = ABE987EB24626D63006071ED /* ViewController.m */; };
		ABE987F124626D63006071ED /* Assets.xcassets in Resources */ = {isa = PBXBuildFile; fileRef = ABE987F024626D63006071ED /* Assets.xcassets */; };
		ABE987F724626D63006071ED /* main.m in Sources */ = {isa = PBXBuildFile; fileRef = ABE987F624626D63006071ED /* main.m */; };
		ABE9880124626D64006071ED /* ELKCommonDemoTests.m in Sources */ = {isa = PBXBuildFile; fileRef = ABE9880024626D64006071ED /* ELKCommonDemoTests.m */; };
		ABE9880C24626D64006071ED /* ELKCommonDemoUITests.m in Sources */ = {isa = PBXBuildFile; fileRef = ABE9880B24626D64006071ED /* ELKCommonDemoUITests.m */; };
		ABE9881E24626DE2006071ED /* Main.storyboard in Resources */ = {isa = PBXBuildFile; fileRef = ABE9881A24626DE2006071ED /* Main.storyboard */; };
		ABE9881F24626DE2006071ED /* LaunchScreen.storyboard in Resources */ = {isa = PBXBuildFile; fileRef = ABE9881C24626DE2006071ED /* LaunchScreen.storyboard */; };
		CE75034ECE3DFE78312F9AF6 /* libPods-ELKCommonDemo.a in Frameworks */ = {isa = PBXBuildFile; fileRef = A6F7038CB1EA4931BCAAC626 /* libPods-ELKCommonDemo.a */; };
/* End PBXBuildFile section */

/* Begin PBXContainerItemProxy section */
		ABE987FD24626D64006071ED /* PBXContainerItemProxy */ = {
			isa = PBXContainerItemProxy;
			containerPortal = ABE987D924626D63006071ED /* Project object */;
			proxyType = 1;
			remoteGlobalIDString = ABE987E024626D63006071ED;
			remoteInfo = ELKCommonDemo;
		};
		ABE9880824626D64006071ED /* PBXContainerItemProxy */ = {
			isa = PBXContainerItemProxy;
			containerPortal = ABE987D924626D63006071ED /* Project object */;
			proxyType = 1;
			remoteGlobalIDString = ABE987E024626D63006071ED;
			remoteInfo = ELKCommonDemo;
		};
/* End PBXContainerItemProxy section */

/* Begin PBXFileReference section */
		162A12FF7B4320258E121BB7 /* Pods-ELKCommonDemo.debug.xcconfig */ = {isa = PBXFileReference; includeInIndex = 1; lastKnownFileType = text.xcconfig; name = "Pods-ELKCommonDemo.debug.xcconfig"; path = "Target Support Files/Pods-ELKCommonDemo/Pods-ELKCommonDemo.debug.xcconfig"; sourceTree = "<group>"; };
		9976D39EC8D0774D6DABB71A /* Pods-ELKCommonDemo.release.xcconfig */ = {isa = PBXFileReference; includeInIndex = 1; lastKnownFileType = text.xcconfig; name = "Pods-ELKCommonDemo.release.xcconfig"; path = "Target Support Files/Pods-ELKCommonDemo/Pods-ELKCommonDemo.release.xcconfig"; sourceTree = "<group>"; };
		A6F7038CB1EA4931BCAAC626 /* libPods-ELKCommonDemo.a */ = {isa = PBXFileReference; explicitFileType = archive.ar; includeInIndex = 0; path = "libPods-ELKCommonDemo.a"; sourceTree = BUILT_PRODUCTS_DIR; };
		AB1245C42488F1DC003C9D43 /* ELKEasyTimeViewController.h */ = {isa = PBXFileReference; lastKnownFileType = sourcecode.c.h; path = ELKEasyTimeViewController.h; sourceTree = "<group>"; };
		AB1245C52488F1DC003C9D43 /* ELKEasyTimeViewController.m */ = {isa = PBXFileReference; lastKnownFileType = sourcecode.c.objc; path = ELKEasyTimeViewController.m; sourceTree = "<group>"; };
		AB23E82A2466400F00AB47C8 /* UIImage+ELKAdditions.h */ = {isa = PBXFileReference; lastKnownFileType = sourcecode.c.h; path = "UIImage+ELKAdditions.h"; sourceTree = "<group>"; };
		AB23E82B2466400F00AB47C8 /* UIImage+ELKAdditions.m */ = {isa = PBXFileReference; lastKnownFileType = sourcecode.c.objc; path = "UIImage+ELKAdditions.m"; sourceTree = "<group>"; };
		AB23E82E24664CF300AB47C8 /* UIButton+ELKMantleLite.h */ = {isa = PBXFileReference; lastKnownFileType = sourcecode.c.h; path = "UIButton+ELKMantleLite.h"; sourceTree = "<group>"; };
		AB23E82F24664CF300AB47C8 /* UIButton+ELKMantleLite.m */ = {isa = PBXFileReference; lastKnownFileType = sourcecode.c.objc; path = "UIButton+ELKMantleLite.m"; sourceTree = "<group>"; };
		AB6CB5D724738B0F009302A8 /* UIView+ELKPlaceHolderView.m */ = {isa = PBXFileReference; fileEncoding = 4; lastKnownFileType = sourcecode.c.objc; path = "UIView+ELKPlaceHolderView.m"; sourceTree = "<group>"; };
		AB6CB5D824738B0F009302A8 /* UIView+ELKPlaceHolderView.h */ = {isa = PBXFileReference; fileEncoding = 4; lastKnownFileType = sourcecode.c.h; path = "UIView+ELKPlaceHolderView.h"; sourceTree = "<group>"; };
		AB754F692463B0110024D8E5 /* ELKContactManager.m */ = {isa = PBXFileReference; fileEncoding = 4; lastKnownFileType = sourcecode.c.objc; path = ELKContactManager.m; sourceTree = "<group>"; };
		AB754F6A2463B0110024D8E5 /* ELKContactManager.h */ = {isa = PBXFileReference; fileEncoding = 4; lastKnownFileType = sourcecode.c.h; path = ELKContactManager.h; sourceTree = "<group>"; };
		AB7E2E212462C92700B81A64 /* ELKMacroLite.h */ = {isa = PBXFileReference; fileEncoding = 4; lastKnownFileType = sourcecode.c.h; path = ELKMacroLite.h; sourceTree = "<group>"; };
		AB7E2E222462C92700B81A64 /* ELKColorLiteHeader.h */ = {isa = PBXFileReference; fileEncoding = 4; lastKnownFileType = sourcecode.c.h; path = ELKColorLiteHeader.h; sourceTree = "<group>"; };
		AB7E2E232462C92700B81A64 /* ELKCommonLiteHeader.h */ = {isa = PBXFileReference; fileEncoding = 4; lastKnownFileType = sourcecode.c.h; path = ELKCommonLiteHeader.h; sourceTree = "<group>"; };
		AB7E2E262462C92700B81A64 /* NSData+AES256.m */ = {isa = PBXFileReference; fileEncoding = 4; lastKnownFileType = sourcecode.c.objc; path = "NSData+AES256.m"; sourceTree = "<group>"; };
		AB7E2E272462C92700B81A64 /* NSString+SHA1.m */ = {isa = PBXFileReference; fileEncoding = 4; lastKnownFileType = sourcecode.c.objc; path = "NSString+SHA1.m"; sourceTree = "<group>"; };
		AB7E2E282462C92700B81A64 /* NSString+MD5.h */ = {isa = PBXFileReference; fileEncoding = 4; lastKnownFileType = sourcecode.c.h; path = "NSString+MD5.h"; sourceTree = "<group>"; };
		AB7E2E292462C92700B81A64 /* Encryption.h */ = {isa = PBXFileReference; fileEncoding = 4; lastKnownFileType = sourcecode.c.h; path = Encryption.h; sourceTree = "<group>"; };
		AB7E2E2A2462C92700B81A64 /* NSData+AES256.h */ = {isa = PBXFileReference; fileEncoding = 4; lastKnownFileType = sourcecode.c.h; path = "NSData+AES256.h"; sourceTree = "<group>"; };
		AB7E2E2B2462C92700B81A64 /* NSString+SHA1.h */ = {isa = PBXFileReference; fileEncoding = 4; lastKnownFileType = sourcecode.c.h; path = "NSString+SHA1.h"; sourceTree = "<group>"; };
		AB7E2E2C2462C92700B81A64 /* Encryption.m */ = {isa = PBXFileReference; fileEncoding = 4; lastKnownFileType = sourcecode.c.objc; path = Encryption.m; sourceTree = "<group>"; };
		AB7E2E2D2462C92700B81A64 /* NSString+MD5.m */ = {isa = PBXFileReference; fileEncoding = 4; lastKnownFileType = sourcecode.c.objc; path = "NSString+MD5.m"; sourceTree = "<group>"; };
		AB7E2E342462C92700B81A64 /* ELKNetStatusMaster.h */ = {isa = PBXFileReference; fileEncoding = 4; lastKnownFileType = sourcecode.c.h; path = ELKNetStatusMaster.h; sourceTree = "<group>"; };
		AB7E2E352462C92700B81A64 /* ELKNetStatusMaster.m */ = {isa = PBXFileReference; fileEncoding = 4; lastKnownFileType = sourcecode.c.objc; path = ELKNetStatusMaster.m; sourceTree = "<group>"; };
		ABAD2DCC2464F8D30006D288 /* ELKEasyTimer.h */ = {isa = PBXFileReference; fileEncoding = 4; lastKnownFileType = sourcecode.c.h; path = ELKEasyTimer.h; sourceTree = "<group>"; };
		ABAD2DCD2464F8D30006D288 /* ELKEasyTimer.m */ = {isa = PBXFileReference; fileEncoding = 4; lastKnownFileType = sourcecode.c.objc; path = ELKEasyTimer.m; sourceTree = "<group>"; };
		ABAD2DCF2464F9580006D288 /* ELKHippoLite.h */ = {isa = PBXFileReference; lastKnownFileType = sourcecode.c.h; path = ELKHippoLite.h; sourceTree = "<group>"; };
		ABAD2DD02465008C0006D288 /* ELKHippoPrefixHeader.pch */ = {isa = PBXFileReference; lastKnownFileType = sourcecode.c.h; path = ELKHippoPrefixHeader.pch; sourceTree = "<group>"; };
		ABAD2E0E246534370006D288 /* UIImage+ELKHippoResource.h */ = {isa = PBXFileReference; lastKnownFileType = sourcecode.c.h; path = "UIImage+ELKHippoResource.h"; sourceTree = "<group>"; };
		ABAD2E0F246534370006D288 /* UIImage+ELKHippoResource.m */ = {isa = PBXFileReference; lastKnownFileType = sourcecode.c.objc; path = "UIImage+ELKHippoResource.m"; sourceTree = "<group>"; };
		ABAD2E4024654E5D0006D288 /* UITextView+ELKPlaceHolder.h */ = {isa = PBXFileReference; fileEncoding = 4; lastKnownFileType = sourcecode.c.h; path = "UITextView+ELKPlaceHolder.h"; sourceTree = "<group>"; };
		ABAD2E4124654E5D0006D288 /* UITextField+ELKPlaceHolder.m */ = {isa = PBXFileReference; fileEncoding = 4; lastKnownFileType = sourcecode.c.objc; path = "UITextField+ELKPlaceHolder.m"; sourceTree = "<group>"; };
		ABAD2E4224654E5D0006D288 /* UITextView+ELKPlaceHolder.m */ = {isa = PBXFileReference; fileEncoding = 4; lastKnownFileType = sourcecode.c.objc; path = "UITextView+ELKPlaceHolder.m"; sourceTree = "<group>"; };
		ABAD2E4324654E5D0006D288 /* UITextField+ELKPlaceHolder.h */ = {isa = PBXFileReference; fileEncoding = 4; lastKnownFileType = sourcecode.c.h; path = "UITextField+ELKPlaceHolder.h"; sourceTree = "<group>"; };
		ABAD2E4524654E5D0006D288 /* UIView+ELKAdditions.h */ = {isa = PBXFileReference; fileEncoding = 4; lastKnownFileType = sourcecode.c.h; path = "UIView+ELKAdditions.h"; sourceTree = "<group>"; };
		ABAD2E4624654E5D0006D288 /* UIView+ELKAdditions.m */ = {isa = PBXFileReference; fileEncoding = 4; lastKnownFileType = sourcecode.c.objc; path = "UIView+ELKAdditions.m"; sourceTree = "<group>"; };
		ABAD2E4824654E5D0006D288 /* NSData+ELKMantleBase64.h */ = {isa = PBXFileReference; fileEncoding = 4; lastKnownFileType = sourcecode.c.h; path = "NSData+ELKMantleBase64.h"; sourceTree = "<group>"; };
		ABAD2E4924654E5D0006D288 /* NSData+ELKMantleBase64.m */ = {isa = PBXFileReference; fileEncoding = 4; lastKnownFileType = sourcecode.c.objc; path = "NSData+ELKMantleBase64.m"; sourceTree = "<group>"; };
		ABAD2E4A24654E5D0006D288 /* ELKMantleLite.h */ = {isa = PBXFileReference; fileEncoding = 4; lastKnownFileType = sourcecode.c.h; path = ELKMantleLite.h; sourceTree = "<group>"; };
		ABAD2E4C24654E5D0006D288 /* NSString+ELKAdditions.h */ = {isa = PBXFileReference; fileEncoding = 4; lastKnownFileType = sourcecode.c.h; path = "NSString+ELKAdditions.h"; sourceTree = "<group>"; };
		ABAD2E4D24654E5D0006D288 /* NSString+ELKTimeFormet.m */ = {isa = PBXFileReference; fileEncoding = 4; lastKnownFileType = sourcecode.c.objc; path = "NSString+ELKTimeFormet.m"; sourceTree = "<group>"; };
		ABAD2E4E24654E5D0006D288 /* NSString+ELKRuby.m */ = {isa = PBXFileReference; fileEncoding = 4; lastKnownFileType = sourcecode.c.objc; path = "NSString+ELKRuby.m"; sourceTree = "<group>"; };
		ABAD2E4F24654E5D0006D288 /* NSString+ELKFast.h */ = {isa = PBXFileReference; fileEncoding = 4; lastKnownFileType = sourcecode.c.h; path = "NSString+ELKFast.h"; sourceTree = "<group>"; };
		ABAD2E5024654E5E0006D288 /* NSString+ELKAdditions.m */ = {isa = PBXFileReference; fileEncoding = 4; lastKnownFileType = sourcecode.c.objc; path = "NSString+ELKAdditions.m"; sourceTree = "<group>"; };
		ABAD2E5124654E5E0006D288 /* NSString+ELKRuby.h */ = {isa = PBXFileReference; fileEncoding = 4; lastKnownFileType = sourcecode.c.h; path = "NSString+ELKRuby.h"; sourceTree = "<group>"; };
		ABAD2E5224654E5E0006D288 /* NSString+ELKTimeFormet.h */ = {isa = PBXFileReference; fileEncoding = 4; lastKnownFileType = sourcecode.c.h; path = "NSString+ELKTimeFormet.h"; sourceTree = "<group>"; };
		ABAD2E5324654E5E0006D288 /* NSString+ELKFast.m */ = {isa = PBXFileReference; fileEncoding = 4; lastKnownFileType = sourcecode.c.objc; path = "NSString+ELKFast.m"; sourceTree = "<group>"; };
		ABAD2E5524654E5E0006D288 /* UIViewController+ELKImagePicker.h */ = {isa = PBXFileReference; fileEncoding = 4; lastKnownFileType = sourcecode.c.h; path = "UIViewController+ELKImagePicker.h"; sourceTree = "<group>"; };
		ABAD2E5624654E5E0006D288 /* UIViewController+ELKAlertController.h */ = {isa = PBXFileReference; fileEncoding = 4; lastKnownFileType = sourcecode.c.h; path = "UIViewController+ELKAlertController.h"; sourceTree = "<group>"; };
		ABAD2E5724654E5E0006D288 /* UIViewController+ELKImagePicker.m */ = {isa = PBXFileReference; fileEncoding = 4; lastKnownFileType = sourcecode.c.objc; path = "UIViewController+ELKImagePicker.m"; sourceTree = "<group>"; };
		ABAD2E5824654E5E0006D288 /* UIViewController+ELKAlertController.m */ = {isa = PBXFileReference; fileEncoding = 4; lastKnownFileType = sourcecode.c.objc; path = "UIViewController+ELKAlertController.m"; sourceTree = "<group>"; };
		ABAD2E6B246551A60006D288 /* NSDate+ELKMantleFormat.h */ = {isa = PBXFileReference; fileEncoding = 4; lastKnownFileType = sourcecode.c.h; path = "NSDate+ELKMantleFormat.h"; sourceTree = "<group>"; };
		ABAD2E6C246551A60006D288 /* NSDate+ELKMantleFormat.m */ = {isa = PBXFileReference; fileEncoding = 4; lastKnownFileType = sourcecode.c.objc; path = "NSDate+ELKMantleFormat.m"; sourceTree = "<group>"; };
		ABAD2E7024655D970006D288 /* ELKMantleReachability.m */ = {isa = PBXFileReference; fileEncoding = 4; lastKnownFileType = sourcecode.c.objc; path = ELKMantleReachability.m; sourceTree = "<group>"; };
		ABAD2E7124655D970006D288 /* ELKMantleSwizzling.h */ = {isa = PBXFileReference; fileEncoding = 4; lastKnownFileType = sourcecode.c.h; path = ELKMantleSwizzling.h; sourceTree = "<group>"; };
		ABAD2E7224655D970006D288 /* ELKMantleReachability.h */ = {isa = PBXFileReference; fileEncoding = 4; lastKnownFileType = sourcecode.c.h; path = ELKMantleReachability.h; sourceTree = "<group>"; };
		ABAD2E7324655D970006D288 /* ELKMantleSwizzling.m */ = {isa = PBXFileReference; fileEncoding = 4; lastKnownFileType = sourcecode.c.objc; path = ELKMantleSwizzling.m; sourceTree = "<group>"; };
		ABE987E124626D63006071ED /* ELKCommonDemo.app */ = {isa = PBXFileReference; explicitFileType = wrapper.application; includeInIndex = 0; path = ELKCommonDemo.app; sourceTree = BUILT_PRODUCTS_DIR; };
		ABE987E424626D63006071ED /* AppDelegate.h */ = {isa = PBXFileReference; lastKnownFileType = sourcecode.c.h; path = AppDelegate.h; sourceTree = "<group>"; };
		ABE987E524626D63006071ED /* AppDelegate.m */ = {isa = PBXFileReference; lastKnownFileType = sourcecode.c.objc; path = AppDelegate.m; sourceTree = "<group>"; };
		ABE987EA24626D63006071ED /* ViewController.h */ = {isa = PBXFileReference; lastKnownFileType = sourcecode.c.h; path = ViewController.h; sourceTree = "<group>"; };
		ABE987EB24626D63006071ED /* ViewController.m */ = {isa = PBXFileReference; lastKnownFileType = sourcecode.c.objc; path = ViewController.m; sourceTree = "<group>"; };
		ABE987F024626D63006071ED /* Assets.xcassets */ = {isa = PBXFileReference; lastKnownFileType = folder.assetcatalog; path = Assets.xcassets; sourceTree = "<group>"; };
		ABE987F524626D63006071ED /* Info.plist */ = {isa = PBXFileReference; lastKnownFileType = text.plist.xml; path = Info.plist; sourceTree = "<group>"; };
		ABE987F624626D63006071ED /* main.m */ = {isa = PBXFileReference; lastKnownFileType = sourcecode.c.objc; path = main.m; sourceTree = "<group>"; };
		ABE987FC24626D64006071ED /* ELKCommonDemoTests.xctest */ = {isa = PBXFileReference; explicitFileType = wrapper.cfbundle; includeInIndex = 0; path = ELKCommonDemoTests.xctest; sourceTree = BUILT_PRODUCTS_DIR; };
		ABE9880024626D64006071ED /* ELKCommonDemoTests.m */ = {isa = PBXFileReference; lastKnownFileType = sourcecode.c.objc; path = ELKCommonDemoTests.m; sourceTree = "<group>"; };
		ABE9880224626D64006071ED /* Info.plist */ = {isa = PBXFileReference; lastKnownFileType = text.plist.xml; path = Info.plist; sourceTree = "<group>"; };
		ABE9880724626D64006071ED /* ELKCommonDemoUITests.xctest */ = {isa = PBXFileReference; explicitFileType = wrapper.cfbundle; includeInIndex = 0; path = ELKCommonDemoUITests.xctest; sourceTree = BUILT_PRODUCTS_DIR; };
		ABE9880B24626D64006071ED /* ELKCommonDemoUITests.m */ = {isa = PBXFileReference; lastKnownFileType = sourcecode.c.objc; path = ELKCommonDemoUITests.m; sourceTree = "<group>"; };
		ABE9880D24626D64006071ED /* Info.plist */ = {isa = PBXFileReference; lastKnownFileType = text.plist.xml; path = Info.plist; sourceTree = "<group>"; };
		ABE9881B24626DE2006071ED /* Base */ = {isa = PBXFileReference; lastKnownFileType = file.storyboard; name = Base; path = ELKCommonDemo/Base.lproj/Main.storyboard; sourceTree = SOURCE_ROOT; };
/* End PBXFileReference section */

/* Begin PBXFrameworksBuildPhase section */
		ABE987DE24626D63006071ED /* Frameworks */ = {
			isa = PBXFrameworksBuildPhase;
			buildActionMask = 2147483647;
			files = (
				CE75034ECE3DFE78312F9AF6 /* libPods-ELKCommonDemo.a in Frameworks */,
			);
			runOnlyForDeploymentPostprocessing = 0;
		};
		ABE987F924626D64006071ED /* Frameworks */ = {
			isa = PBXFrameworksBuildPhase;
			buildActionMask = 2147483647;
			files = (
			);
			runOnlyForDeploymentPostprocessing = 0;
		};
		ABE9880424626D64006071ED /* Frameworks */ = {
			isa = PBXFrameworksBuildPhase;
			buildActionMask = 2147483647;
			files = (
			);
			runOnlyForDeploymentPostprocessing = 0;
		};
/* End PBXFrameworksBuildPhase section */

/* Begin PBXGroup section */
		576CB2532AB6A63C9C9F9F8E /* Pods */ = {
			isa = PBXGroup;
			children = (
				162A12FF7B4320258E121BB7 /* Pods-ELKCommonDemo.debug.xcconfig */,
				9976D39EC8D0774D6DABB71A /* Pods-ELKCommonDemo.release.xcconfig */,
			);
			path = Pods;
			sourceTree = "<group>";
		};
		AB1245C32488F1C1003C9D43 /* EasyTimeDemo */ = {
			isa = PBXGroup;
			children = (
				AB1245C42488F1DC003C9D43 /* ELKEasyTimeViewController.h */,
				AB1245C52488F1DC003C9D43 /* ELKEasyTimeViewController.m */,
			);
			path = EasyTimeDemo;
			sourceTree = "<group>";
		};
		AB23E82924663FB500AB47C8 /* UIImage */ = {
			isa = PBXGroup;
			children = (
				AB23E82A2466400F00AB47C8 /* UIImage+ELKAdditions.h */,
				AB23E82B2466400F00AB47C8 /* UIImage+ELKAdditions.m */,
			);
			path = UIImage;
			sourceTree = "<group>";
		};
		AB23E82D24664C5A00AB47C8 /* UIButton */ = {
			isa = PBXGroup;
			children = (
				AB23E82E24664CF300AB47C8 /* UIButton+ELKMantleLite.h */,
				AB23E82F24664CF300AB47C8 /* UIButton+ELKMantleLite.m */,
			);
			path = UIButton;
			sourceTree = "<group>";
		};
		AB754F682463B0110024D8E5 /* ELKContactManager */ = {
			isa = PBXGroup;
			children = (
				AB754F6A2463B0110024D8E5 /* ELKContactManager.h */,
				AB754F692463B0110024D8E5 /* ELKContactManager.m */,
			);
			path = ELKContactManager;
			sourceTree = "<group>";
		};
		AB7E2E1F2462C92700B81A64 /* ELKHippoLite */ = {
			isa = PBXGroup;
			children = (
				ABAD2DCF2464F9580006D288 /* ELKHippoLite.h */,
				AB754F682463B0110024D8E5 /* ELKContactManager */,
				ABAD2DCB2464F8D30006D288 /* ELKEasyTimer */,
				AB7E2E202462C92700B81A64 /* ELKMacroLite */,
				ABAD2E3E24654E5D0006D288 /* ELKMantleLite */,
				AB7E2E242462C92700B81A64 /* ELKNetworking */,
			);
			path = ELKHippoLite;
			sourceTree = SOURCE_ROOT;
		};
		AB7E2E202462C92700B81A64 /* ELKMacroLite */ = {
			isa = PBXGroup;
			children = (
				AB7E2E222462C92700B81A64 /* ELKColorLiteHeader.h */,
				AB7E2E232462C92700B81A64 /* ELKCommonLiteHeader.h */,
				AB7E2E212462C92700B81A64 /* ELKMacroLite.h */,
				ABAD2E0D246533FC0006D288 /* Image */,
			);
			path = ELKMacroLite;
			sourceTree = "<group>";
		};
		AB7E2E242462C92700B81A64 /* ELKNetworking */ = {
			isa = PBXGroup;
			children = (
				AB7E2E332462C92700B81A64 /* NetStatus */,
				AB7E2E252462C92700B81A64 /* Security */,
			);
			path = ELKNetworking;
			sourceTree = "<group>";
		};
		AB7E2E252462C92700B81A64 /* Security */ = {
			isa = PBXGroup;
			children = (
				AB7E2E292462C92700B81A64 /* Encryption.h */,
				AB7E2E2C2462C92700B81A64 /* Encryption.m */,
				AB7E2E2A2462C92700B81A64 /* NSData+AES256.h */,
				AB7E2E262462C92700B81A64 /* NSData+AES256.m */,
				AB7E2E282462C92700B81A64 /* NSString+MD5.h */,
				AB7E2E2D2462C92700B81A64 /* NSString+MD5.m */,
				AB7E2E2B2462C92700B81A64 /* NSString+SHA1.h */,
				AB7E2E272462C92700B81A64 /* NSString+SHA1.m */,
			);
			path = Security;
			sourceTree = "<group>";
		};
		AB7E2E332462C92700B81A64 /* NetStatus */ = {
			isa = PBXGroup;
			children = (
				AB7E2E342462C92700B81A64 /* ELKNetStatusMaster.h */,
				AB7E2E352462C92700B81A64 /* ELKNetStatusMaster.m */,
			);
			path = NetStatus;
			sourceTree = "<group>";
		};
		ABAD2DCB2464F8D30006D288 /* ELKEasyTimer */ = {
			isa = PBXGroup;
			children = (
				ABAD2DCC2464F8D30006D288 /* ELKEasyTimer.h */,
				ABAD2DCD2464F8D30006D288 /* ELKEasyTimer.m */,
			);
			path = ELKEasyTimer;
			sourceTree = "<group>";
		};
		ABAD2E0D246533FC0006D288 /* Image */ = {
			isa = PBXGroup;
			children = (
				ABAD2E0E246534370006D288 /* UIImage+ELKHippoResource.h */,
				ABAD2E0F246534370006D288 /* UIImage+ELKHippoResource.m */,
			);
			path = Image;
			sourceTree = "<group>";
		};
		ABAD2E3E24654E5D0006D288 /* ELKMantleLite */ = {
			isa = PBXGroup;
			children = (
				ABAD2E4A24654E5D0006D288 /* ELKMantleLite.h */,
				ABAD2E6F24655D970006D288 /* ELKTool */,
				ABAD2E4724654E5D0006D288 /* NSData */,
				ABAD2E6A246551A60006D288 /* NSDate */,
				ABAD2E4B24654E5D0006D288 /* NSString */,
				ABAD2E3F24654E5D0006D288 /* TextView */,
				AB23E82D24664C5A00AB47C8 /* UIButton */,
				AB23E82924663FB500AB47C8 /* UIImage */,
				ABAD2E4424654E5D0006D288 /* UIView */,
				ABAD2E5424654E5E0006D288 /* UIViewController */,
			);
			path = ELKMantleLite;
			sourceTree = "<group>";
		};
		ABAD2E3F24654E5D0006D288 /* TextView */ = {
			isa = PBXGroup;
			children = (
				ABAD2E4324654E5D0006D288 /* UITextField+ELKPlaceHolder.h */,
				ABAD2E4124654E5D0006D288 /* UITextField+ELKPlaceHolder.m */,
				ABAD2E4024654E5D0006D288 /* UITextView+ELKPlaceHolder.h */,
				ABAD2E4224654E5D0006D288 /* UITextView+ELKPlaceHolder.m */,
			);
			path = TextView;
			sourceTree = "<group>";
		};
		ABAD2E4424654E5D0006D288 /* UIView */ = {
			isa = PBXGroup;
			children = (
				ABAD2E4524654E5D0006D288 /* UIView+ELKAdditions.h */,
				ABAD2E4624654E5D0006D288 /* UIView+ELKAdditions.m */,
				AB6CB5D824738B0F009302A8 /* UIView+ELKPlaceHolderView.h */,
				AB6CB5D724738B0F009302A8 /* UIView+ELKPlaceHolderView.m */,
			);
			path = UIView;
			sourceTree = "<group>";
		};
		ABAD2E4724654E5D0006D288 /* NSData */ = {
			isa = PBXGroup;
			children = (
				ABAD2E4824654E5D0006D288 /* NSData+ELKMantleBase64.h */,
				ABAD2E4924654E5D0006D288 /* NSData+ELKMantleBase64.m */,
			);
			path = NSData;
			sourceTree = "<group>";
		};
		ABAD2E4B24654E5D0006D288 /* NSString */ = {
			isa = PBXGroup;
			children = (
				ABAD2E4C24654E5D0006D288 /* NSString+ELKAdditions.h */,
				ABAD2E5024654E5E0006D288 /* NSString+ELKAdditions.m */,
				ABAD2E4F24654E5D0006D288 /* NSString+ELKFast.h */,
				ABAD2E5324654E5E0006D288 /* NSString+ELKFast.m */,
				ABAD2E5124654E5E0006D288 /* NSString+ELKRuby.h */,
				ABAD2E4E24654E5D0006D288 /* NSString+ELKRuby.m */,
				ABAD2E5224654E5E0006D288 /* NSString+ELKTimeFormet.h */,
				ABAD2E4D24654E5D0006D288 /* NSString+ELKTimeFormet.m */,
			);
			path = NSString;
			sourceTree = "<group>";
		};
		ABAD2E5424654E5E0006D288 /* UIViewController */ = {
			isa = PBXGroup;
			children = (
				ABAD2E5624654E5E0006D288 /* UIViewController+ELKAlertController.h */,
				ABAD2E5824654E5E0006D288 /* UIViewController+ELKAlertController.m */,
				ABAD2E5524654E5E0006D288 /* UIViewController+ELKImagePicker.h */,
				ABAD2E5724654E5E0006D288 /* UIViewController+ELKImagePicker.m */,
			);
			path = UIViewController;
			sourceTree = "<group>";
		};
		ABAD2E6A246551A60006D288 /* NSDate */ = {
			isa = PBXGroup;
			children = (
				ABAD2E6B246551A60006D288 /* NSDate+ELKMantleFormat.h */,
				ABAD2E6C246551A60006D288 /* NSDate+ELKMantleFormat.m */,
			);
			path = NSDate;
			sourceTree = "<group>";
		};
		ABAD2E6F24655D970006D288 /* ELKTool */ = {
			isa = PBXGroup;
			children = (
				ABAD2E7224655D970006D288 /* ELKMantleReachability.h */,
				ABAD2E7024655D970006D288 /* ELKMantleReachability.m */,
				ABAD2E7124655D970006D288 /* ELKMantleSwizzling.h */,
				ABAD2E7324655D970006D288 /* ELKMantleSwizzling.m */,
			);
			path = ELKTool;
			sourceTree = "<group>";
		};
		ABE987D824626D63006071ED = {
			isa = PBXGroup;
			children = (
				ABE987E324626D63006071ED /* ELKCommonDemo */,
				ABE987FF24626D64006071ED /* ELKCommonDemoTests */,
				ABE9880A24626D64006071ED /* ELKCommonDemoUITests */,
				ABE987E224626D63006071ED /* Products */,
				576CB2532AB6A63C9C9F9F8E /* Pods */,
				DF93764F110FEA66B51F4ACD /* Frameworks */,
			);
			sourceTree = "<group>";
		};
		ABE987E224626D63006071ED /* Products */ = {
			isa = PBXGroup;
			children = (
				ABE987E124626D63006071ED /* ELKCommonDemo.app */,
				ABE987FC24626D64006071ED /* ELKCommonDemoTests.xctest */,
				ABE9880724626D64006071ED /* ELKCommonDemoUITests.xctest */,
			);
			name = Products;
			sourceTree = "<group>";
		};
		ABE987E324626D63006071ED /* ELKCommonDemo */ = {
			isa = PBXGroup;
			children = (
				ABE987E424626D63006071ED /* AppDelegate.h */,
				ABE987E524626D63006071ED /* AppDelegate.m */,
				F459695B24874C7000CBF579 /* ELKASimpleDemo */,
				AB7E2E1F2462C92700B81A64 /* ELKHippoLite */,
				ABE9881924626DB8006071ED /* Others */,
			);
			path = ELKCommonDemo;
			sourceTree = "<group>";
		};
		ABE987FF24626D64006071ED /* ELKCommonDemoTests */ = {
			isa = PBXGroup;
			children = (
				ABE9880024626D64006071ED /* ELKCommonDemoTests.m */,
				ABE9880224626D64006071ED /* Info.plist */,
			);
			path = ELKCommonDemoTests;
			sourceTree = "<group>";
		};
		ABE9880A24626D64006071ED /* ELKCommonDemoUITests */ = {
			isa = PBXGroup;
			children = (
				ABE9880B24626D64006071ED /* ELKCommonDemoUITests.m */,
				ABE9880D24626D64006071ED /* Info.plist */,
			);
			path = ELKCommonDemoUITests;
			sourceTree = "<group>";
		};
		ABE9881924626DB8006071ED /* Others */ = {
			isa = PBXGroup;
			children = (
				ABE9881C24626DE2006071ED /* LaunchScreen.storyboard */,
				ABE9881A24626DE2006071ED /* Main.storyboard */,
				ABE987F024626D63006071ED /* Assets.xcassets */,
				ABE987F524626D63006071ED /* Info.plist */,
				ABE987F624626D63006071ED /* main.m */,
				ABAD2DD02465008C0006D288 /* ELKHippoPrefixHeader.pch */,
			);
			path = Others;
			sourceTree = "<group>";
		};
		DF93764F110FEA66B51F4ACD /* Frameworks */ = {
			isa = PBXGroup;
			children = (
				A6F7038CB1EA4931BCAAC626 /* libPods-ELKCommonDemo.a */,
			);
			name = Frameworks;
			sourceTree = "<group>";
		};
		F459695B24874C7000CBF579 /* ELKASimpleDemo */ = {
			isa = PBXGroup;
			children = (
				ABE987EA24626D63006071ED /* ViewController.h */,
				ABE987EB24626D63006071ED /* ViewController.m */,
				AB1245C32488F1C1003C9D43 /* EasyTimeDemo */,
			);
			path = ELKASimpleDemo;
			sourceTree = "<group>";
		};
/* End PBXGroup section */

/* Begin PBXNativeTarget section */
		ABE987E024626D63006071ED /* ELKCommonDemo */ = {
			isa = PBXNativeTarget;
			buildConfigurationList = ABE9881024626D64006071ED /* Build configuration list for PBXNativeTarget "ELKCommonDemo" */;
			buildPhases = (
				40CECBBD84A98BE402FF1E88 /* [CP] Check Pods Manifest.lock */,
				ABE987DD24626D63006071ED /* Sources */,
				ABE987DE24626D63006071ED /* Frameworks */,
				ABE987DF24626D63006071ED /* Resources */,
				6827AC74F9E15108DB324E76 /* [CP] Copy Pods Resources */,
			);
			buildRules = (
			);
			dependencies = (
			);
			name = ELKCommonDemo;
			productName = ELKCommonDemo;
			productReference = ABE987E124626D63006071ED /* ELKCommonDemo.app */;
			productType = "com.apple.product-type.application";
		};
		ABE987FB24626D64006071ED /* ELKCommonDemoTests */ = {
			isa = PBXNativeTarget;
			buildConfigurationList = ABE9881324626D64006071ED /* Build configuration list for PBXNativeTarget "ELKCommonDemoTests" */;
			buildPhases = (
				ABE987F824626D64006071ED /* Sources */,
				ABE987F924626D64006071ED /* Frameworks */,
				ABE987FA24626D64006071ED /* Resources */,
			);
			buildRules = (
			);
			dependencies = (
				ABE987FE24626D64006071ED /* PBXTargetDependency */,
			);
			name = ELKCommonDemoTests;
			productName = ELKCommonDemoTests;
			productReference = ABE987FC24626D64006071ED /* ELKCommonDemoTests.xctest */;
			productType = "com.apple.product-type.bundle.unit-test";
		};
		ABE9880624626D64006071ED /* ELKCommonDemoUITests */ = {
			isa = PBXNativeTarget;
			buildConfigurationList = ABE9881624626D64006071ED /* Build configuration list for PBXNativeTarget "ELKCommonDemoUITests" */;
			buildPhases = (
				ABE9880324626D64006071ED /* Sources */,
				ABE9880424626D64006071ED /* Frameworks */,
				ABE9880524626D64006071ED /* Resources */,
			);
			buildRules = (
			);
			dependencies = (
				ABE9880924626D64006071ED /* PBXTargetDependency */,
			);
			name = ELKCommonDemoUITests;
			productName = ELKCommonDemoUITests;
			productReference = ABE9880724626D64006071ED /* ELKCommonDemoUITests.xctest */;
			productType = "com.apple.product-type.bundle.ui-testing";
		};
/* End PBXNativeTarget section */

/* Begin PBXProject section */
		ABE987D924626D63006071ED /* Project object */ = {
			isa = PBXProject;
			attributes = {
				CLASSPREFIX = ELK;
				LastUpgradeCheck = 1140;
				ORGANIZATIONNAME = wing;
				TargetAttributes = {
					ABE987E024626D63006071ED = {
						CreatedOnToolsVersion = 11.4.1;
					};
					ABE987FB24626D64006071ED = {
						CreatedOnToolsVersion = 11.4.1;
						TestTargetID = ABE987E024626D63006071ED;
					};
					ABE9880624626D64006071ED = {
						CreatedOnToolsVersion = 11.4.1;
						TestTargetID = ABE987E024626D63006071ED;
					};
				};
			};
			buildConfigurationList = ABE987DC24626D63006071ED /* Build configuration list for PBXProject "ELKCommonDemo" */;
			compatibilityVersion = "Xcode 9.3";
			developmentRegion = en;
			hasScannedForEncodings = 0;
			knownRegions = (
				en,
				Base,
			);
			mainGroup = ABE987D824626D63006071ED;
			productRefGroup = ABE987E224626D63006071ED /* Products */;
			projectDirPath = "";
			projectRoot = "";
			targets = (
				ABE987E024626D63006071ED /* ELKCommonDemo */,
				ABE987FB24626D64006071ED /* ELKCommonDemoTests */,
				ABE9880624626D64006071ED /* ELKCommonDemoUITests */,
			);
		};
/* End PBXProject section */

/* Begin PBXResourcesBuildPhase section */
		ABE987DF24626D63006071ED /* Resources */ = {
			isa = PBXResourcesBuildPhase;
			buildActionMask = 2147483647;
			files = (
				ABE9881F24626DE2006071ED /* LaunchScreen.storyboard in Resources */,
				ABE987F124626D63006071ED /* Assets.xcassets in Resources */,
				ABE9881E24626DE2006071ED /* Main.storyboard in Resources */,
			);
			runOnlyForDeploymentPostprocessing = 0;
		};
		ABE987FA24626D64006071ED /* Resources */ = {
			isa = PBXResourcesBuildPhase;
			buildActionMask = 2147483647;
			files = (
			);
			runOnlyForDeploymentPostprocessing = 0;
		};
		ABE9880524626D64006071ED /* Resources */ = {
			isa = PBXResourcesBuildPhase;
			buildActionMask = 2147483647;
			files = (
			);
			runOnlyForDeploymentPostprocessing = 0;
		};
/* End PBXResourcesBuildPhase section */

/* Begin PBXShellScriptBuildPhase section */
		40CECBBD84A98BE402FF1E88 /* [CP] Check Pods Manifest.lock */ = {
			isa = PBXShellScriptBuildPhase;
			buildActionMask = 2147483647;
			files = (
			);
			inputFileListPaths = (
			);
			inputPaths = (
				"${PODS_PODFILE_DIR_PATH}/Podfile.lock",
				"${PODS_ROOT}/Manifest.lock",
			);
			name = "[CP] Check Pods Manifest.lock";
			outputFileListPaths = (
			);
			outputPaths = (
				"$(DERIVED_FILE_DIR)/Pods-ELKCommonDemo-checkManifestLockResult.txt",
			);
			runOnlyForDeploymentPostprocessing = 0;
			shellPath = /bin/sh;
			shellScript = "diff \"${PODS_PODFILE_DIR_PATH}/Podfile.lock\" \"${PODS_ROOT}/Manifest.lock\" > /dev/null\nif [ $? != 0 ] ; then\n    # print error to STDERR\n    echo \"error: The sandbox is not in sync with the Podfile.lock. Run 'pod install' or update your CocoaPods installation.\" >&2\n    exit 1\nfi\n# This output is used by Xcode 'outputs' to avoid re-running this script phase.\necho \"SUCCESS\" > \"${SCRIPT_OUTPUT_FILE_0}\"\n";
			showEnvVarsInLog = 0;
		};
		6827AC74F9E15108DB324E76 /* [CP] Copy Pods Resources */ = {
			isa = PBXShellScriptBuildPhase;
			buildActionMask = 2147483647;
			files = (
			);
			inputFileListPaths = (
				"${PODS_ROOT}/Target Support Files/Pods-ELKCommonDemo/Pods-ELKCommonDemo-resources-${CONFIGURATION}-input-files.xcfilelist",
			);
			name = "[CP] Copy Pods Resources";
			outputFileListPaths = (
				"${PODS_ROOT}/Target Support Files/Pods-ELKCommonDemo/Pods-ELKCommonDemo-resources-${CONFIGURATION}-output-files.xcfilelist",
			);
			runOnlyForDeploymentPostprocessing = 0;
			shellPath = /bin/sh;
			shellScript = "\"${PODS_ROOT}/Target Support Files/Pods-ELKCommonDemo/Pods-ELKCommonDemo-resources.sh\"\n";
			showEnvVarsInLog = 0;
		};
/* End PBXShellScriptBuildPhase section */

/* Begin PBXSourcesBuildPhase section */
		ABE987DD24626D63006071ED /* Sources */ = {
			isa = PBXSourcesBuildPhase;
			buildActionMask = 2147483647;
			files = (
				ABAD2E6024654E5E0006D288 /* UIView+ELKAdditions.m in Sources */,
				ABE987EC24626D63006071ED /* ViewController.m in Sources */,
				AB1245C62488F1DC003C9D43 /* ELKEasyTimeViewController.m in Sources */,
				ABAD2E6524654E5E0006D288 /* NSString+ELKFast.m in Sources */,
				AB23E83024664CF300AB47C8 /* UIButton+ELKMantleLite.m in Sources */,
				ABAD2E6624654E5E0006D288 /* UIViewController+ELKImagePicker.m in Sources */,
				ABAD2E7424655D970006D288 /* ELKMantleReachability.m in Sources */,
				ABAD2E6324654E5E0006D288 /* NSString+ELKRuby.m in Sources */,
				AB754F6B2463B0110024D8E5 /* ELKContactManager.m in Sources */,
				AB23E82C2466400F00AB47C8 /* UIImage+ELKAdditions.m in Sources */,
				AB7E2E372462C92700B81A64 /* NSString+SHA1.m in Sources */,
				ABAD2DCE2464F8D30006D288 /* ELKEasyTimer.m in Sources */,
				ABAD2E6424654E5E0006D288 /* NSString+ELKAdditions.m in Sources */,
				ABAD2E10246534370006D288 /* UIImage+ELKHippoResource.m in Sources */,
				ABAD2E5E24654E5E0006D288 /* UITextField+ELKPlaceHolder.m in Sources */,
				ABAD2E6D246551A60006D288 /* NSDate+ELKMantleFormat.m in Sources */,
				AB6CB5D924738B0F009302A8 /* UIView+ELKPlaceHolderView.m in Sources */,
				ABE987E624626D63006071ED /* AppDelegate.m in Sources */,
				ABAD2E7524655D970006D288 /* ELKMantleSwizzling.m in Sources */,
				AB7E2E362462C92700B81A64 /* NSData+AES256.m in Sources */,
				AB7E2E382462C92700B81A64 /* Encryption.m in Sources */,
				ABAD2E5F24654E5E0006D288 /* UITextView+ELKPlaceHolder.m in Sources */,
				AB7E2E3C2462C92700B81A64 /* ELKNetStatusMaster.m in Sources */,
				ABE987F724626D63006071ED /* main.m in Sources */,
				ABAD2E6224654E5E0006D288 /* NSString+ELKTimeFormet.m in Sources */,
				ABAD2E6124654E5E0006D288 /* NSData+ELKMantleBase64.m in Sources */,
				ABAD2E6724654E5E0006D288 /* UIViewController+ELKAlertController.m in Sources */,
				AB7E2E392462C92700B81A64 /* NSString+MD5.m in Sources */,
			);
			runOnlyForDeploymentPostprocessing = 0;
		};
		ABE987F824626D64006071ED /* Sources */ = {
			isa = PBXSourcesBuildPhase;
			buildActionMask = 2147483647;
			files = (
				ABE9880124626D64006071ED /* ELKCommonDemoTests.m in Sources */,
			);
			runOnlyForDeploymentPostprocessing = 0;
		};
		ABE9880324626D64006071ED /* Sources */ = {
			isa = PBXSourcesBuildPhase;
			buildActionMask = 2147483647;
			files = (
				ABE9880C24626D64006071ED /* ELKCommonDemoUITests.m in Sources */,
			);
			runOnlyForDeploymentPostprocessing = 0;
		};
/* End PBXSourcesBuildPhase section */

/* Begin PBXTargetDependency section */
		ABE987FE24626D64006071ED /* PBXTargetDependency */ = {
			isa = PBXTargetDependency;
			target = ABE987E024626D63006071ED /* ELKCommonDemo */;
			targetProxy = ABE987FD24626D64006071ED /* PBXContainerItemProxy */;
		};
		ABE9880924626D64006071ED /* PBXTargetDependency */ = {
			isa = PBXTargetDependency;
			target = ABE987E024626D63006071ED /* ELKCommonDemo */;
			targetProxy = ABE9880824626D64006071ED /* PBXContainerItemProxy */;
		};
/* End PBXTargetDependency section */

/* Begin PBXVariantGroup section */
		ABE9881A24626DE2006071ED /* Main.storyboard */ = {
			isa = PBXVariantGroup;
			children = (
				ABE9881B24626DE2006071ED /* Base */,
			);
			name = Main.storyboard;
			sourceTree = "<group>";
		};
		ABE9881C24626DE2006071ED /* LaunchScreen.storyboard */ = {
			isa = PBXVariantGroup;
			children = (
			);
			name = LaunchScreen.storyboard;
			sourceTree = "<group>";
		};
/* End PBXVariantGroup section */

/* Begin XCBuildConfiguration section */
		ABE9880E24626D64006071ED /* Debug */ = {
			isa = XCBuildConfiguration;
			buildSettings = {
				ALWAYS_SEARCH_USER_PATHS = NO;
				CLANG_ANALYZER_NONNULL = YES;
				CLANG_ANALYZER_NUMBER_OBJECT_CONVERSION = YES_AGGRESSIVE;
				CLANG_CXX_LANGUAGE_STANDARD = "gnu++14";
				CLANG_CXX_LIBRARY = "libc++";
				CLANG_ENABLE_MODULES = YES;
				CLANG_ENABLE_OBJC_ARC = YES;
				CLANG_ENABLE_OBJC_WEAK = YES;
				CLANG_WARN_BLOCK_CAPTURE_AUTORELEASING = YES;
				CLANG_WARN_BOOL_CONVERSION = YES;
				CLANG_WARN_COMMA = YES;
				CLANG_WARN_CONSTANT_CONVERSION = YES;
				CLANG_WARN_DEPRECATED_OBJC_IMPLEMENTATIONS = YES;
				CLANG_WARN_DIRECT_OBJC_ISA_USAGE = YES_ERROR;
				CLANG_WARN_DOCUMENTATION_COMMENTS = YES;
				CLANG_WARN_EMPTY_BODY = YES;
				CLANG_WARN_ENUM_CONVERSION = YES;
				CLANG_WARN_INFINITE_RECURSION = YES;
				CLANG_WARN_INT_CONVERSION = YES;
				CLANG_WARN_NON_LITERAL_NULL_CONVERSION = YES;
				CLANG_WARN_OBJC_IMPLICIT_RETAIN_SELF = YES;
				CLANG_WARN_OBJC_LITERAL_CONVERSION = YES;
				CLANG_WARN_OBJC_ROOT_CLASS = YES_ERROR;
				CLANG_WARN_RANGE_LOOP_ANALYSIS = YES;
				CLANG_WARN_STRICT_PROTOTYPES = YES;
				CLANG_WARN_SUSPICIOUS_MOVE = YES;
				CLANG_WARN_UNGUARDED_AVAILABILITY = YES_AGGRESSIVE;
				CLANG_WARN_UNREACHABLE_CODE = YES;
				CLANG_WARN__DUPLICATE_METHOD_MATCH = YES;
				COPY_PHASE_STRIP = NO;
				DEBUG_INFORMATION_FORMAT = dwarf;
				ENABLE_STRICT_OBJC_MSGSEND = YES;
				ENABLE_TESTABILITY = YES;
				GCC_C_LANGUAGE_STANDARD = gnu11;
				GCC_DYNAMIC_NO_PIC = NO;
				GCC_NO_COMMON_BLOCKS = YES;
				GCC_OPTIMIZATION_LEVEL = 0;
				GCC_PREPROCESSOR_DEFINITIONS = (
					"DEBUG=1",
					"$(inherited)",
				);
				GCC_WARN_64_TO_32_BIT_CONVERSION = YES;
				GCC_WARN_ABOUT_RETURN_TYPE = YES_ERROR;
				GCC_WARN_UNDECLARED_SELECTOR = YES;
				GCC_WARN_UNINITIALIZED_AUTOS = YES_AGGRESSIVE;
				GCC_WARN_UNUSED_FUNCTION = YES;
				GCC_WARN_UNUSED_VARIABLE = YES;
				IPHONEOS_DEPLOYMENT_TARGET = 9.0;
				MTL_ENABLE_DEBUG_INFO = INCLUDE_SOURCE;
				MTL_FAST_MATH = YES;
				ONLY_ACTIVE_ARCH = YES;
				SDKROOT = iphoneos;
			};
			name = Debug;
		};
		ABE9880F24626D64006071ED /* Release */ = {
			isa = XCBuildConfiguration;
			buildSettings = {
				ALWAYS_SEARCH_USER_PATHS = NO;
				CLANG_ANALYZER_NONNULL = YES;
				CLANG_ANALYZER_NUMBER_OBJECT_CONVERSION = YES_AGGRESSIVE;
				CLANG_CXX_LANGUAGE_STANDARD = "gnu++14";
				CLANG_CXX_LIBRARY = "libc++";
				CLANG_ENABLE_MODULES = YES;
				CLANG_ENABLE_OBJC_ARC = YES;
				CLANG_ENABLE_OBJC_WEAK = YES;
				CLANG_WARN_BLOCK_CAPTURE_AUTORELEASING = YES;
				CLANG_WARN_BOOL_CONVERSION = YES;
				CLANG_WARN_COMMA = YES;
				CLANG_WARN_CONSTANT_CONVERSION = YES;
				CLANG_WARN_DEPRECATED_OBJC_IMPLEMENTATIONS = YES;
				CLANG_WARN_DIRECT_OBJC_ISA_USAGE = YES_ERROR;
				CLANG_WARN_DOCUMENTATION_COMMENTS = YES;
				CLANG_WARN_EMPTY_BODY = YES;
				CLANG_WARN_ENUM_CONVERSION = YES;
				CLANG_WARN_INFINITE_RECURSION = YES;
				CLANG_WARN_INT_CONVERSION = YES;
				CLANG_WARN_NON_LITERAL_NULL_CONVERSION = YES;
				CLANG_WARN_OBJC_IMPLICIT_RETAIN_SELF = YES;
				CLANG_WARN_OBJC_LITERAL_CONVERSION = YES;
				CLANG_WARN_OBJC_ROOT_CLASS = YES_ERROR;
				CLANG_WARN_RANGE_LOOP_ANALYSIS = YES;
				CLANG_WARN_STRICT_PROTOTYPES = YES;
				CLANG_WARN_SUSPICIOUS_MOVE = YES;
				CLANG_WARN_UNGUARDED_AVAILABILITY = YES_AGGRESSIVE;
				CLANG_WARN_UNREACHABLE_CODE = YES;
				CLANG_WARN__DUPLICATE_METHOD_MATCH = YES;
				COPY_PHASE_STRIP = NO;
				DEBUG_INFORMATION_FORMAT = "dwarf-with-dsym";
				ENABLE_NS_ASSERTIONS = NO;
				ENABLE_STRICT_OBJC_MSGSEND = YES;
				GCC_C_LANGUAGE_STANDARD = gnu11;
				GCC_NO_COMMON_BLOCKS = YES;
				GCC_WARN_64_TO_32_BIT_CONVERSION = YES;
				GCC_WARN_ABOUT_RETURN_TYPE = YES_ERROR;
				GCC_WARN_UNDECLARED_SELECTOR = YES;
				GCC_WARN_UNINITIALIZED_AUTOS = YES_AGGRESSIVE;
				GCC_WARN_UNUSED_FUNCTION = YES;
				GCC_WARN_UNUSED_VARIABLE = YES;
				IPHONEOS_DEPLOYMENT_TARGET = 9.0;
				MTL_ENABLE_DEBUG_INFO = NO;
				MTL_FAST_MATH = YES;
				SDKROOT = iphoneos;
				VALIDATE_PRODUCT = YES;
			};
			name = Release;
		};
		ABE9881124626D64006071ED /* Debug */ = {
			isa = XCBuildConfiguration;
			baseConfigurationReference = 162A12FF7B4320258E121BB7 /* Pods-ELKCommonDemo.debug.xcconfig */;
			buildSettings = {
				ASSETCATALOG_COMPILER_APPICON_NAME = AppIcon;
				CODE_SIGN_STYLE = Automatic;
				DEVELOPMENT_TEAM = 2CFGBUHSFA;
				GCC_PREFIX_HEADER = ELKCommonDemo/Others/ELKHippoPrefixHeader.pch;
				INFOPLIST_FILE = ELKCommonDemo/Others/Info.plist;
				IPHONEOS_DEPLOYMENT_TARGET = 9.0;
				LD_RUNPATH_SEARCH_PATHS = (
					"$(inherited)",
					"@executable_path/Frameworks",
				);
				PRODUCT_BUNDLE_IDENTIFIER = com.elk.ELKCommonDemo;
				PRODUCT_NAME = "$(TARGET_NAME)";
				TARGETED_DEVICE_FAMILY = 1;
			};
			name = Debug;
		};
		ABE9881224626D64006071ED /* Release */ = {
			isa = XCBuildConfiguration;
			baseConfigurationReference = 9976D39EC8D0774D6DABB71A /* Pods-ELKCommonDemo.release.xcconfig */;
			buildSettings = {
				ASSETCATALOG_COMPILER_APPICON_NAME = AppIcon;
				CODE_SIGN_STYLE = Automatic;
				DEVELOPMENT_TEAM = 2CFGBUHSFA;
				GCC_PREFIX_HEADER = ELKCommonDemo/Others/ELKHippoPrefixHeader.pch;
				INFOPLIST_FILE = ELKCommonDemo/Others/Info.plist;
				IPHONEOS_DEPLOYMENT_TARGET = 9.0;
				LD_RUNPATH_SEARCH_PATHS = (
					"$(inherited)",
					"@executable_path/Frameworks",
				);
				PRODUCT_BUNDLE_IDENTIFIER = com.elk.ELKCommonDemo;
				PRODUCT_NAME = "$(TARGET_NAME)";
				TARGETED_DEVICE_FAMILY = 1;
			};
			name = Release;
		};
		ABE9881424626D64006071ED /* Debug */ = {
			isa = XCBuildConfiguration;
			buildSettings = {
				BUNDLE_LOADER = "$(TEST_HOST)";
				CODE_SIGN_STYLE = Automatic;
				DEVELOPMENT_TEAM = 2CFGBUHSFA;
				INFOPLIST_FILE = ELKCommonDemoTests/Info.plist;
				IPHONEOS_DEPLOYMENT_TARGET = 13.4;
				LD_RUNPATH_SEARCH_PATHS = (
					"$(inherited)",
					"@executable_path/Frameworks",
					"@loader_path/Frameworks",
				);
				PRODUCT_BUNDLE_IDENTIFIER = com.elk.ELKCommonDemoTests;
				PRODUCT_NAME = "$(TARGET_NAME)";
				TARGETED_DEVICE_FAMILY = "1,2";
				TEST_HOST = "$(BUILT_PRODUCTS_DIR)/ELKCommonDemo.app/ELKCommonDemo";
			};
			name = Debug;
		};
		ABE9881524626D64006071ED /* Release */ = {
			isa = XCBuildConfiguration;
			buildSettings = {
				BUNDLE_LOADER = "$(TEST_HOST)";
				CODE_SIGN_STYLE = Automatic;
				DEVELOPMENT_TEAM = 2CFGBUHSFA;
				INFOPLIST_FILE = ELKCommonDemoTests/Info.plist;
				IPHONEOS_DEPLOYMENT_TARGET = 13.4;
				LD_RUNPATH_SEARCH_PATHS = (
					"$(inherited)",
					"@executable_path/Frameworks",
					"@loader_path/Frameworks",
				);
				PRODUCT_BUNDLE_IDENTIFIER = com.elk.ELKCommonDemoTests;
				PRODUCT_NAME = "$(TARGET_NAME)";
				TARGETED_DEVICE_FAMILY = "1,2";
				TEST_HOST = "$(BUILT_PRODUCTS_DIR)/ELKCommonDemo.app/ELKCommonDemo";
			};
			name = Release;
		};
		ABE9881724626D64006071ED /* Debug */ = {
			isa = XCBuildConfiguration;
			buildSettings = {
				CODE_SIGN_STYLE = Automatic;
				DEVELOPMENT_TEAM = 2CFGBUHSFA;
				INFOPLIST_FILE = ELKCommonDemoUITests/Info.plist;
				LD_RUNPATH_SEARCH_PATHS = (
					"$(inherited)",
					"@executable_path/Frameworks",
					"@loader_path/Frameworks",
				);
				PRODUCT_BUNDLE_IDENTIFIER = com.elk.ELKCommonDemoUITests;
				PRODUCT_NAME = "$(TARGET_NAME)";
				TARGETED_DEVICE_FAMILY = "1,2";
				TEST_TARGET_NAME = ELKCommonDemo;
			};
			name = Debug;
		};
		ABE9881824626D64006071ED /* Release */ = {
			isa = XCBuildConfiguration;
			buildSettings = {
				CODE_SIGN_STYLE = Automatic;
				DEVELOPMENT_TEAM = 2CFGBUHSFA;
				INFOPLIST_FILE = ELKCommonDemoUITests/Info.plist;
				LD_RUNPATH_SEARCH_PATHS = (
					"$(inherited)",
					"@executable_path/Frameworks",
					"@loader_path/Frameworks",
				);
				PRODUCT_BUNDLE_IDENTIFIER = com.elk.ELKCommonDemoUITests;
				PRODUCT_NAME = "$(TARGET_NAME)";
				TARGETED_DEVICE_FAMILY = "1,2";
				TEST_TARGET_NAME = ELKCommonDemo;
			};
			name = Release;
		};
/* End XCBuildConfiguration section */

/* Begin XCConfigurationList section */
		ABE987DC24626D63006071ED /* Build configuration list for PBXProject "ELKCommonDemo" */ = {
			isa = XCConfigurationList;
			buildConfigurations = (
				ABE9880E24626D64006071ED /* Debug */,
				ABE9880F24626D64006071ED /* Release */,
			);
			defaultConfigurationIsVisible = 0;
			defaultConfigurationName = Release;
		};
		ABE9881024626D64006071ED /* Build configuration list for PBXNativeTarget "ELKCommonDemo" */ = {
			isa = XCConfigurationList;
			buildConfigurations = (
				ABE9881124626D64006071ED /* Debug */,
				ABE9881224626D64006071ED /* Release */,
			);
			defaultConfigurationIsVisible = 0;
			defaultConfigurationName = Release;
		};
		ABE9881324626D64006071ED /* Build configuration list for PBXNativeTarget "ELKCommonDemoTests" */ = {
			isa = XCConfigurationList;
			buildConfigurations = (
				ABE9881424626D64006071ED /* Debug */,
				ABE9881524626D64006071ED /* Release */,
			);
			defaultConfigurationIsVisible = 0;
			defaultConfigurationName = Release;
		};
		ABE9881624626D64006071ED /* Build configuration list for PBXNativeTarget "ELKCommonDemoUITests" */ = {
			isa = XCConfigurationList;
			buildConfigurations = (
				ABE9881724626D64006071ED /* Debug */,
				ABE9881824626D64006071ED /* Release */,
			);
			defaultConfigurationIsVisible = 0;
			defaultConfigurationName = Release;
		};
/* End XCConfigurationList section */
	};
	rootObject = ABE987D924626D63006071ED /* Project object */;
}
